
Microsoft Visual Studio Solution File, Format Version 12.00
# Visual Studio Version 17
VisualStudioVersion = 17.12.35527.113
MinimumVisualStudioVersion = 10.0.40219.1
Project("{FAE04EC0-301F-11D3-BF4B-00C04F79EFBC}") = "FibonacciSequence", "FibonacciSequence\FibonacciSequence.csproj", "{709177E5-2758-4725-BF79-853E9995BAC5}"
EndProject
Project("{FAE04EC0-301F-11D3-BF4B-00C04F79EFBC}") = "SubarrayDivision", "SubarrayDivision\SubarrayDivision.csproj", "{5475F185-84A6-4A70-AAF6-39E01742A899}"
EndProject
Project("{FAE04EC0-301F-11D3-BF4B-00C04F79EFBC}") = "BetweenTwoSets", "BetweenTwoSets\BetweenTwoSets.csproj", "{D0EB5A0F-D855-487C-B347-E4F43C59655F}"
EndProject
Project("{FAE04EC0-301F-11D3-BF4B-00C04F79EFBC}") = "GradesTracker", "GradesTracker\GradesTracker.csproj", "{EFEC106E-0675-41ED-A766-B621D4257800}"
EndProject
Project("{FAE04EC0-301F-11D3-BF4B-00C04F79EFBC}") = "DivisibleSumPairs", "DivisibleSumPairs\DivisibleSumPairs.csproj", "{627A7F2A-2C84-41A4-896B-B1A9932B5BA2}"
EndProject
Project("{FAE04EC0-301F-11D3-BF4B-00C04F79EFBC}") = "BookCollection", "BookCollection\BookCollection.csproj", "{C5D28A21-E955-4F28-BCC1-4CD11C3962A7}"
EndProject
Project("{FAE04EC0-301F-11D3-BF4B-00C04F79EFBC}") = "BonAppetit", "BonAppetit\BonAppetit.csproj", "{178D07DF-696B-4D0B-882B-3FCF5CCECF97}"
EndProject
Project("{FAE04EC0-301F-11D3-BF4B-00C04F79EFBC}") = "UtopianTree", "UtopianTree\UtopianTree.csproj", "{535DD093-80CD-47CB-9856-C998F1F0D469}"
EndProject
Project("{FAE04EC0-301F-11D3-BF4B-00C04F79EFBC}") = "MinimumDistances", "MinimumDistances\MinimumDistances.csproj", "{1741D62A-A31B-47F9-8FF5-D10561586D92}"
EndProject
Project("{FAE04EC0-301F-11D3-BF4B-00C04F79EFBC}") = "HurdleRace", "HurdleRace\HurdleRace.csproj", "{EF096716-CA2A-4B43-960D-4F3C4E720B33}"
EndProject
Project("{FAE04EC0-301F-11D3-BF4B-00C04F79EFBC}") = "CatchTheMouse", "CatchTheMouse\CatchTheMouse.csproj", "{87390673-6EF3-4562-A37E-44B0AD291277}"
EndProject
Project("{FAE04EC0-301F-11D3-BF4B-00C04F79EFBC}") = "FindDigits", "FindDigits\FindDigits.csproj", "{A88B9E81-BB89-4ED5-B4E4-65C0D7A3CA5A}"
EndProject
Project("{FAE04EC0-301F-11D3-BF4B-00C04F79EFBC}") = "ExtraLongFactorials", "ExtraLongFactorials\ExtraLongFactorials.csproj", "{8C6851B8-4188-40A2-A3BF-FC1CD4375456}"
EndProject
Project("{FAE04EC0-301F-11D3-BF4B-00C04F79EFBC}") = "BreakingTheRecords", "BreakingTheRecords\BreakingTheRecords.csproj", "{CC4E5385-4048-4144-91D3-36984FD2ABC5}"
EndProject
Project("{FAE04EC0-301F-11D3-BF4B-00C04F79EFBC}") = "SalesByMatch", "SalesByMatch\SalesByMatch.csproj", "{C134EF6E-66D2-44F6-87D2-3A19AB707DC5}"
EndProject
Project("{FAE04EC0-301F-11D3-BF4B-00C04F79EFBC}") = "MigratoryBirds", "MigratoryBirds\MigratoryBirds.csproj", "{DA1FB3E5-C6F2-44B1-9240-F65F73955D76}"
EndProject
Project("{FAE04EC0-301F-11D3-BF4B-00C04F79EFBC}") = "ElectronicsShop", "ElectronicsShop\ElectronicsShop.csproj", "{47398958-5A69-4BE1-AAFB-34B4812983D9}"
EndProject
Project("{FAE04EC0-301F-11D3-BF4B-00C04F79EFBC}") = "CountingValleys", "CountingValleys\CountingValleys.csproj", "{152FE0DE-9CDA-4CC5-B4AD-58C83B00E050}"
EndProject
Project("{FAE04EC0-301F-11D3-BF4B-00C04F79EFBC}") = "DrawingBook", "DrawingBook\DrawingBook.csproj", "{68359019-A95B-408B-81C8-FA5EB49A7F02}"
EndProject
Project("{FAE04EC0-301F-11D3-BF4B-00C04F79EFBC}") = "ChocolateFeast", "ChocolateFeast\ChocolateFeast.csproj", "{1B8B6570-D86F-460E-BF93-E6BA9E3577F3}"
EndProject
Project("{FAE04EC0-301F-11D3-BF4B-00C04F79EFBC}") = "BeautifulDays", "BeautifulDays\BeautifulDays.csproj", "{3B0ADCAB-8A15-4608-BCE3-C9DC1E31B880}"
EndProject
Project("{FAE04EC0-301F-11D3-BF4B-00C04F79EFBC}") = "ViralAdvertising", "ViralAdvertising\ViralAdvertising.csproj", "{ECF36E95-9AC6-48CC-B182-A8AF9F119738}"
EndProject
Project("{FAE04EC0-301F-11D3-BF4B-00C04F79EFBC}") = "SaveThePrisoner", "SaveThePrisoner\SaveThePrisoner.csproj", "{3A1CF4CC-33B4-4965-8F69-CBF65DE81007}"
EndProject
Project("{FAE04EC0-301F-11D3-BF4B-00C04F79EFBC}") = "JumpingOnClouds", "JumpingOnClouds\JumpingOnClouds.csproj", "{13834C12-FD24-4FEA-AF74-CEC6411A279B}"
EndProject
Project("{FAE04EC0-301F-11D3-BF4B-00C04F79EFBC}") = "ProgrammerDay", "ProgrammerDay\ProgrammerDay.csproj", "{8AB8787F-4BE8-404C-B37A-AC5D4FE7F70A}"
EndProject
Project("{FAE04EC0-301F-11D3-BF4B-00C04F79EFBC}") = "PickingNumbers", "PickingNumbers\PickingNumbers.csproj", "{CE3E1F83-27F4-4308-ABB1-E7596FCD27FF}"
EndProject
Project("{FAE04EC0-301F-11D3-BF4B-00C04F79EFBC}") = "PDFViewer", "PDFViewer\PDFViewer.csproj", "{3C37A0D2-7B6E-4A3E-89E6-B3332515E5A5}"
EndProject
Project("{FAE04EC0-301F-11D3-BF4B-00C04F79EFBC}") = "AngryProfessor", "AngryProfessor\AngryProfessor.csproj", "{144AA64F-737B-467D-B2CF-987B029AD46E}"
EndProject
Project("{FAE04EC0-301F-11D3-BF4B-00C04F79EFBC}") = "LibraryFine", "LibraryFine\LibraryFine.csproj", "{A4A6708D-95D4-4FBD-B055-E757FD4A8DF6}"
EndProject
Project("{FAE04EC0-301F-11D3-BF4B-00C04F79EFBC}") = "SequenceEquation", "SequenceEquation\SequenceEquation.csproj", "{7AF4AEA4-C1CB-4E40-A391-C17A1382A308}"
EndProject
Project("{FAE04EC0-301F-11D3-BF4B-00C04F79EFBC}") = "MethodOverriding", "MethodOverriding\MethodOverriding.csproj", "{D84369D5-1DA6-4F5D-8474-31CEA45FA485}"
EndProject
Project("{FAE04EC0-301F-11D3-BF4B-00C04F79EFBC}") = "PayrollSystem", "PayrollSystem\PayrollSystem.csproj", "{0B2652F3-884F-4A20-837A-CF1DA105EE93}"
EndProject
Project("{FAE04EC0-301F-11D3-BF4B-00C04F79EFBC}") = "CutTheSticks", "CutTheSticks\CutTheSticks.csproj", "{E64E66C9-9D55-484E-B15A-53288F2A939A}"
EndProject
Project("{FAE04EC0-301F-11D3-BF4B-00C04F79EFBC}") = "EqualizeArray", "EqualizeArray\EqualizeArray.csproj", "{22B38FC0-573E-458C-89BF-6B2997867FD2}"
EndProject
Project("{FAE04EC0-301F-11D3-BF4B-00C04F79EFBC}") = "AppendDelete", "AppendDelete\AppendDelete.csproj", "{48438A74-1C50-457C-A0C5-F49F5D70DD9E}"
EndProject
Project("{FAE04EC0-301F-11D3-BF4B-00C04F79EFBC}") = "CamelCase", "CamelCase\CamelCase.csproj", "{81A0522A-D918-4632-9B05-C8ECF479EE8A}"
EndProject
Project("{FAE04EC0-301F-11D3-BF4B-00C04F79EFBC}") = "ShapeArea", "ShapeArea\ShapeArea.csproj", "{B282DB0B-28FD-4CCB-925B-50500C6B1730}"
EndProject
Project("{FAE04EC0-301F-11D3-BF4B-00C04F79EFBC}") = "SherlockAndSquares", "SherlockAndSquares\SherlockAndSquares.csproj", "{810751D3-5968-4A2D-82AB-880AE9433840}"
EndProject
Project("{FAE04EC0-301F-11D3-BF4B-00C04F79EFBC}") = "Pangrams", "Pangrams\Pangrams.csproj", "{2DA49F73-925D-4E27-8F1A-E596E4272BF7}"
EndProject
Project("{FAE04EC0-301F-11D3-BF4B-00C04F79EFBC}") = "InsertionSort", "InsertionSort\InsertionSort.csproj", "{B6C008C3-E7C3-46CC-9D9F-70DD5987CE43}"
EndProject
Project("{FAE04EC0-301F-11D3-BF4B-00C04F79EFBC}") = "CircularArrayRotation", "CircularArrayRotation\CircularArrayRotation.csproj", "{8A9B15F2-43DD-49A7-99E7-E2F3F7D6231F}"
EndProject
Project("{FAE04EC0-301F-11D3-BF4B-00C04F79EFBC}") = "RepeatedString", "RepeatedString\RepeatedString.csproj", "{2D9ACFDC-011B-4F1E-B589-C737F31938A7}"
EndProject
Project("{FAE04EC0-301F-11D3-BF4B-00C04F79EFBC}") = "TaumAndBday", "TaumAndBday\TaumAndBday.csproj", "{C195207C-3A79-4545-8B9C-A8AAB988F0A8}"
EndProject
Project("{FAE04EC0-301F-11D3-BF4B-00C04F79EFBC}") = "ACM_ICPC", "ACM_ICPC\ACM_ICPC.csproj", "{37B91976-DAF4-48A6-BB4E-944E1F73816A}"
EndProject
Project("{FAE04EC0-301F-11D3-BF4B-00C04F79EFBC}") = "OrganizingContainers", "OrganizingContainers\OrganizingContainers.csproj", "{837B2594-BBD3-4322-B43F-52A821A2B94D}"
EndProject
Project("{FAE04EC0-301F-11D3-BF4B-00C04F79EFBC}") = "HalloweenSale", "HalloweenSale\HalloweenSale.csproj", "{979A360F-CE3F-4469-99FF-90F31C1ACDA6}"
EndProject
Project("{FAE04EC0-301F-11D3-BF4B-00C04F79EFBC}") = "FlatlandStations", "FlatlandStations\FlatlandStations.csproj", "{579153C4-0B68-4D41-B38C-B19A6A127330}"
EndProject
Project("{FAE04EC0-301F-11D3-BF4B-00C04F79EFBC}") = "FairRations", "FairRations\FairRations.csproj", "{0B80CC41-5089-4461-BB96-C7E6F1B8B4A8}"
EndProject
Project("{FAE04EC0-301F-11D3-BF4B-00C04F79EFBC}") = "BeautifulTriplets", "BeautifulTriplets\BeautifulTriplets.csproj", "{8641904F-1996-4C60-AFB7-93B3AEA9422C}"
EndProject
Project("{FAE04EC0-301F-11D3-BF4B-00C04F79EFBC}") = "ServiceLane", "ServiceLane\ServiceLane.csproj", "{49574D1E-3BBA-45CB-A0D6-DF2959FB8EDA}"
EndProject
Project("{FAE04EC0-301F-11D3-BF4B-00C04F79EFBC}") = "CavityMap", "CavityMap\CavityMap.csproj", "{49CB46D3-38CD-4AA2-892C-CC506CCCEF7A}"
EndProject
Project("{FAE04EC0-301F-11D3-BF4B-00C04F79EFBC}") = "GridSearch", "GridSearch\GridSearch.csproj", "{6F6CB8EA-51CD-490A-8E8F-4B4470810401}"
EndProject
Project("{FAE04EC0-301F-11D3-BF4B-00C04F79EFBC}") = "StrangeCounter", "StrangeCounter\StrangeCounter.csproj", "{2C7A8143-78EF-43CF-A305-0F4DC1CDF7F3}"
EndProject
Project("{FAE04EC0-301F-11D3-BF4B-00C04F79EFBC}") = "StrongPassword", "StrongPassword\StrongPassword.csproj", "{478359A4-60AA-4A21-820E-8B99728232A2}"
EndProject
Project("{FAE04EC0-301F-11D3-BF4B-00C04F79EFBC}") = "TwoCharacters", "TwoCharacters\TwoCharacters.csproj", "{B63129C9-3539-4696-88FD-41E212723CFC}"
EndProject
Project("{FAE04EC0-301F-11D3-BF4B-00C04F79EFBC}") = "SeparateNumbers", "SeparateNumbers\SeparateNumbers.csproj", "{8843C23A-8B85-41B9-B4A2-3E4638BB205C}"
EndProject
Project("{FAE04EC0-301F-11D3-BF4B-00C04F79EFBC}") = "KaprekarNumbers", "KaprekarNumbers\KaprekarNumbers.csproj", "{01651E00-2068-4C43-BC95-53F8238F2BDD}"
EndProject
Project("{FAE04EC0-301F-11D3-BF4B-00C04F79EFBC}") = "MarsExploration", "MarsExploration\MarsExploration.csproj", "{875538DC-49DE-473C-9D25-A0897FFA5F25}"
EndProject
Project("{FAE04EC0-301F-11D3-BF4B-00C04F79EFBC}") = "Gemstones", "Gemstones\Gemstones.csproj", "{AF50F2A1-864B-4A54-B72A-A80EC47DE25F}"
EndProject
Project("{FAE04EC0-301F-11D3-BF4B-00C04F79EFBC}") = "GameOfThrones", "GameOfThrones\GameOfThrones.csproj", "{2B72B7C5-5AE6-4B1F-9A5A-1925505B6938}"
EndProject
Project("{FAE04EC0-301F-11D3-BF4B-00C04F79EFBC}") = "IceCreamParlor", "IceCreamParlor\IceCreamParlor.csproj", "{95E154F3-4A21-4D6D-A9C5-76C37F3AA642}"
EndProject
Project("{FAE04EC0-301F-11D3-BF4B-00C04F79EFBC}") = "MarcsCakewalk", "MarcsCakewalk\MarcsCakewalk.csproj", "{29E0D5D3-4FA4-4A3D-ACCC-96B755C7270D}"
EndProject
Project("{FAE04EC0-301F-11D3-BF4B-00C04F79EFBC}") = "GridChallenge", "GridChallenge\GridChallenge.csproj", "{840A8042-DA50-4E8F-9E09-251E0A7AFE6E}"
EndProject
Global
	GlobalSection(SolutionConfigurationPlatforms) = preSolution
		Debug|Any CPU = Debug|Any CPU
		Release|Any CPU = Release|Any CPU
	EndGlobalSection
	GlobalSection(ProjectConfigurationPlatforms) = postSolution
		{709177E5-2758-4725-BF79-853E9995BAC5}.Debug|Any CPU.ActiveCfg = Debug|Any CPU
		{709177E5-2758-4725-BF79-853E9995BAC5}.Debug|Any CPU.Build.0 = Debug|Any CPU
		{709177E5-2758-4725-BF79-853E9995BAC5}.Release|Any CPU.ActiveCfg = Release|Any CPU
		{709177E5-2758-4725-BF79-853E9995BAC5}.Release|Any CPU.Build.0 = Release|Any CPU
		{5475F185-84A6-4A70-AAF6-39E01742A899}.Debug|Any CPU.ActiveCfg = Debug|Any CPU
		{5475F185-84A6-4A70-AAF6-39E01742A899}.Debug|Any CPU.Build.0 = Debug|Any CPU
		{5475F185-84A6-4A70-AAF6-39E01742A899}.Release|Any CPU.ActiveCfg = Release|Any CPU
		{5475F185-84A6-4A70-AAF6-39E01742A899}.Release|Any CPU.Build.0 = Release|Any CPU
		{D0EB5A0F-D855-487C-B347-E4F43C59655F}.Debug|Any CPU.ActiveCfg = Debug|Any CPU
		{D0EB5A0F-D855-487C-B347-E4F43C59655F}.Debug|Any CPU.Build.0 = Debug|Any CPU
		{D0EB5A0F-D855-487C-B347-E4F43C59655F}.Release|Any CPU.ActiveCfg = Release|Any CPU
		{D0EB5A0F-D855-487C-B347-E4F43C59655F}.Release|Any CPU.Build.0 = Release|Any CPU
		{EFEC106E-0675-41ED-A766-B621D4257800}.Debug|Any CPU.ActiveCfg = Debug|Any CPU
		{EFEC106E-0675-41ED-A766-B621D4257800}.Debug|Any CPU.Build.0 = Debug|Any CPU
		{EFEC106E-0675-41ED-A766-B621D4257800}.Release|Any CPU.ActiveCfg = Release|Any CPU
		{EFEC106E-0675-41ED-A766-B621D4257800}.Release|Any CPU.Build.0 = Release|Any CPU
		{627A7F2A-2C84-41A4-896B-B1A9932B5BA2}.Debug|Any CPU.ActiveCfg = Debug|Any CPU
		{627A7F2A-2C84-41A4-896B-B1A9932B5BA2}.Debug|Any CPU.Build.0 = Debug|Any CPU
		{627A7F2A-2C84-41A4-896B-B1A9932B5BA2}.Release|Any CPU.ActiveCfg = Release|Any CPU
		{627A7F2A-2C84-41A4-896B-B1A9932B5BA2}.Release|Any CPU.Build.0 = Release|Any CPU
		{C5D28A21-E955-4F28-BCC1-4CD11C3962A7}.Debug|Any CPU.ActiveCfg = Debug|Any CPU
		{C5D28A21-E955-4F28-BCC1-4CD11C3962A7}.Debug|Any CPU.Build.0 = Debug|Any CPU
		{C5D28A21-E955-4F28-BCC1-4CD11C3962A7}.Release|Any CPU.ActiveCfg = Release|Any CPU
		{C5D28A21-E955-4F28-BCC1-4CD11C3962A7}.Release|Any CPU.Build.0 = Release|Any CPU
		{178D07DF-696B-4D0B-882B-3FCF5CCECF97}.Debug|Any CPU.ActiveCfg = Debug|Any CPU
		{178D07DF-696B-4D0B-882B-3FCF5CCECF97}.Debug|Any CPU.Build.0 = Debug|Any CPU
		{178D07DF-696B-4D0B-882B-3FCF5CCECF97}.Release|Any CPU.ActiveCfg = Release|Any CPU
		{178D07DF-696B-4D0B-882B-3FCF5CCECF97}.Release|Any CPU.Build.0 = Release|Any CPU
		{535DD093-80CD-47CB-9856-C998F1F0D469}.Debug|Any CPU.ActiveCfg = Debug|Any CPU
		{535DD093-80CD-47CB-9856-C998F1F0D469}.Debug|Any CPU.Build.0 = Debug|Any CPU
		{535DD093-80CD-47CB-9856-C998F1F0D469}.Release|Any CPU.ActiveCfg = Release|Any CPU
		{535DD093-80CD-47CB-9856-C998F1F0D469}.Release|Any CPU.Build.0 = Release|Any CPU
		{1741D62A-A31B-47F9-8FF5-D10561586D92}.Debug|Any CPU.ActiveCfg = Debug|Any CPU
		{1741D62A-A31B-47F9-8FF5-D10561586D92}.Debug|Any CPU.Build.0 = Debug|Any CPU
		{1741D62A-A31B-47F9-8FF5-D10561586D92}.Release|Any CPU.ActiveCfg = Release|Any CPU
		{1741D62A-A31B-47F9-8FF5-D10561586D92}.Release|Any CPU.Build.0 = Release|Any CPU
		{EF096716-CA2A-4B43-960D-4F3C4E720B33}.Debug|Any CPU.ActiveCfg = Debug|Any CPU
		{EF096716-CA2A-4B43-960D-4F3C4E720B33}.Debug|Any CPU.Build.0 = Debug|Any CPU
		{EF096716-CA2A-4B43-960D-4F3C4E720B33}.Release|Any CPU.ActiveCfg = Release|Any CPU
		{EF096716-CA2A-4B43-960D-4F3C4E720B33}.Release|Any CPU.Build.0 = Release|Any CPU
		{87390673-6EF3-4562-A37E-44B0AD291277}.Debug|Any CPU.ActiveCfg = Debug|Any CPU
		{87390673-6EF3-4562-A37E-44B0AD291277}.Debug|Any CPU.Build.0 = Debug|Any CPU
		{87390673-6EF3-4562-A37E-44B0AD291277}.Release|Any CPU.ActiveCfg = Release|Any CPU
		{87390673-6EF3-4562-A37E-44B0AD291277}.Release|Any CPU.Build.0 = Release|Any CPU
		{A88B9E81-BB89-4ED5-B4E4-65C0D7A3CA5A}.Debug|Any CPU.ActiveCfg = Debug|Any CPU
		{A88B9E81-BB89-4ED5-B4E4-65C0D7A3CA5A}.Debug|Any CPU.Build.0 = Debug|Any CPU
		{A88B9E81-BB89-4ED5-B4E4-65C0D7A3CA5A}.Release|Any CPU.ActiveCfg = Release|Any CPU
		{A88B9E81-BB89-4ED5-B4E4-65C0D7A3CA5A}.Release|Any CPU.Build.0 = Release|Any CPU
		{8C6851B8-4188-40A2-A3BF-FC1CD4375456}.Debug|Any CPU.ActiveCfg = Debug|Any CPU
		{8C6851B8-4188-40A2-A3BF-FC1CD4375456}.Debug|Any CPU.Build.0 = Debug|Any CPU
		{8C6851B8-4188-40A2-A3BF-FC1CD4375456}.Release|Any CPU.ActiveCfg = Release|Any CPU
		{8C6851B8-4188-40A2-A3BF-FC1CD4375456}.Release|Any CPU.Build.0 = Release|Any CPU
		{CC4E5385-4048-4144-91D3-36984FD2ABC5}.Debug|Any CPU.ActiveCfg = Debug|Any CPU
		{CC4E5385-4048-4144-91D3-36984FD2ABC5}.Debug|Any CPU.Build.0 = Debug|Any CPU
		{CC4E5385-4048-4144-91D3-36984FD2ABC5}.Release|Any CPU.ActiveCfg = Release|Any CPU
		{CC4E5385-4048-4144-91D3-36984FD2ABC5}.Release|Any CPU.Build.0 = Release|Any CPU
		{C134EF6E-66D2-44F6-87D2-3A19AB707DC5}.Debug|Any CPU.ActiveCfg = Debug|Any CPU
		{C134EF6E-66D2-44F6-87D2-3A19AB707DC5}.Debug|Any CPU.Build.0 = Debug|Any CPU
		{C134EF6E-66D2-44F6-87D2-3A19AB707DC5}.Release|Any CPU.ActiveCfg = Release|Any CPU
		{C134EF6E-66D2-44F6-87D2-3A19AB707DC5}.Release|Any CPU.Build.0 = Release|Any CPU
		{DA1FB3E5-C6F2-44B1-9240-F65F73955D76}.Debug|Any CPU.ActiveCfg = Debug|Any CPU
		{DA1FB3E5-C6F2-44B1-9240-F65F73955D76}.Debug|Any CPU.Build.0 = Debug|Any CPU
		{DA1FB3E5-C6F2-44B1-9240-F65F73955D76}.Release|Any CPU.ActiveCfg = Release|Any CPU
		{DA1FB3E5-C6F2-44B1-9240-F65F73955D76}.Release|Any CPU.Build.0 = Release|Any CPU
		{47398958-5A69-4BE1-AAFB-34B4812983D9}.Debug|Any CPU.ActiveCfg = Debug|Any CPU
		{47398958-5A69-4BE1-AAFB-34B4812983D9}.Debug|Any CPU.Build.0 = Debug|Any CPU
		{47398958-5A69-4BE1-AAFB-34B4812983D9}.Release|Any CPU.ActiveCfg = Release|Any CPU
		{47398958-5A69-4BE1-AAFB-34B4812983D9}.Release|Any CPU.Build.0 = Release|Any CPU
		{152FE0DE-9CDA-4CC5-B4AD-58C83B00E050}.Debug|Any CPU.ActiveCfg = Debug|Any CPU
		{152FE0DE-9CDA-4CC5-B4AD-58C83B00E050}.Debug|Any CPU.Build.0 = Debug|Any CPU
		{152FE0DE-9CDA-4CC5-B4AD-58C83B00E050}.Release|Any CPU.ActiveCfg = Release|Any CPU
		{152FE0DE-9CDA-4CC5-B4AD-58C83B00E050}.Release|Any CPU.Build.0 = Release|Any CPU
		{68359019-A95B-408B-81C8-FA5EB49A7F02}.Debug|Any CPU.ActiveCfg = Debug|Any CPU
		{68359019-A95B-408B-81C8-FA5EB49A7F02}.Debug|Any CPU.Build.0 = Debug|Any CPU
		{68359019-A95B-408B-81C8-FA5EB49A7F02}.Release|Any CPU.ActiveCfg = Release|Any CPU
		{68359019-A95B-408B-81C8-FA5EB49A7F02}.Release|Any CPU.Build.0 = Release|Any CPU
		{1B8B6570-D86F-460E-BF93-E6BA9E3577F3}.Debug|Any CPU.ActiveCfg = Debug|Any CPU
		{1B8B6570-D86F-460E-BF93-E6BA9E3577F3}.Debug|Any CPU.Build.0 = Debug|Any CPU
		{1B8B6570-D86F-460E-BF93-E6BA9E3577F3}.Release|Any CPU.ActiveCfg = Release|Any CPU
		{1B8B6570-D86F-460E-BF93-E6BA9E3577F3}.Release|Any CPU.Build.0 = Release|Any CPU
		{3B0ADCAB-8A15-4608-BCE3-C9DC1E31B880}.Debug|Any CPU.ActiveCfg = Debug|Any CPU
		{3B0ADCAB-8A15-4608-BCE3-C9DC1E31B880}.Debug|Any CPU.Build.0 = Debug|Any CPU
		{3B0ADCAB-8A15-4608-BCE3-C9DC1E31B880}.Release|Any CPU.ActiveCfg = Release|Any CPU
		{3B0ADCAB-8A15-4608-BCE3-C9DC1E31B880}.Release|Any CPU.Build.0 = Release|Any CPU
		{ECF36E95-9AC6-48CC-B182-A8AF9F119738}.Debug|Any CPU.ActiveCfg = Debug|Any CPU
		{ECF36E95-9AC6-48CC-B182-A8AF9F119738}.Debug|Any CPU.Build.0 = Debug|Any CPU
		{ECF36E95-9AC6-48CC-B182-A8AF9F119738}.Release|Any CPU.ActiveCfg = Release|Any CPU
		{ECF36E95-9AC6-48CC-B182-A8AF9F119738}.Release|Any CPU.Build.0 = Release|Any CPU
		{3A1CF4CC-33B4-4965-8F69-CBF65DE81007}.Debug|Any CPU.ActiveCfg = Debug|Any CPU
		{3A1CF4CC-33B4-4965-8F69-CBF65DE81007}.Debug|Any CPU.Build.0 = Debug|Any CPU
		{3A1CF4CC-33B4-4965-8F69-CBF65DE81007}.Release|Any CPU.ActiveCfg = Release|Any CPU
		{3A1CF4CC-33B4-4965-8F69-CBF65DE81007}.Release|Any CPU.Build.0 = Release|Any CPU
		{13834C12-FD24-4FEA-AF74-CEC6411A279B}.Debug|Any CPU.ActiveCfg = Debug|Any CPU
		{13834C12-FD24-4FEA-AF74-CEC6411A279B}.Debug|Any CPU.Build.0 = Debug|Any CPU
		{13834C12-FD24-4FEA-AF74-CEC6411A279B}.Release|Any CPU.ActiveCfg = Release|Any CPU
		{13834C12-FD24-4FEA-AF74-CEC6411A279B}.Release|Any CPU.Build.0 = Release|Any CPU
		{8AB8787F-4BE8-404C-B37A-AC5D4FE7F70A}.Debug|Any CPU.ActiveCfg = Debug|Any CPU
		{8AB8787F-4BE8-404C-B37A-AC5D4FE7F70A}.Debug|Any CPU.Build.0 = Debug|Any CPU
		{8AB8787F-4BE8-404C-B37A-AC5D4FE7F70A}.Release|Any CPU.ActiveCfg = Release|Any CPU
		{8AB8787F-4BE8-404C-B37A-AC5D4FE7F70A}.Release|Any CPU.Build.0 = Release|Any CPU
		{CE3E1F83-27F4-4308-ABB1-E7596FCD27FF}.Debug|Any CPU.ActiveCfg = Debug|Any CPU
		{CE3E1F83-27F4-4308-ABB1-E7596FCD27FF}.Debug|Any CPU.Build.0 = Debug|Any CPU
		{CE3E1F83-27F4-4308-ABB1-E7596FCD27FF}.Release|Any CPU.ActiveCfg = Release|Any CPU
		{CE3E1F83-27F4-4308-ABB1-E7596FCD27FF}.Release|Any CPU.Build.0 = Release|Any CPU
		{3C37A0D2-7B6E-4A3E-89E6-B3332515E5A5}.Debug|Any CPU.ActiveCfg = Debug|Any CPU
		{3C37A0D2-7B6E-4A3E-89E6-B3332515E5A5}.Debug|Any CPU.Build.0 = Debug|Any CPU
		{3C37A0D2-7B6E-4A3E-89E6-B3332515E5A5}.Release|Any CPU.ActiveCfg = Release|Any CPU
		{3C37A0D2-7B6E-4A3E-89E6-B3332515E5A5}.Release|Any CPU.Build.0 = Release|Any CPU
		{144AA64F-737B-467D-B2CF-987B029AD46E}.Debug|Any CPU.ActiveCfg = Debug|Any CPU
		{144AA64F-737B-467D-B2CF-987B029AD46E}.Debug|Any CPU.Build.0 = Debug|Any CPU
		{144AA64F-737B-467D-B2CF-987B029AD46E}.Release|Any CPU.ActiveCfg = Release|Any CPU
		{144AA64F-737B-467D-B2CF-987B029AD46E}.Release|Any CPU.Build.0 = Release|Any CPU
		{A4A6708D-95D4-4FBD-B055-E757FD4A8DF6}.Debug|Any CPU.ActiveCfg = Debug|Any CPU
		{A4A6708D-95D4-4FBD-B055-E757FD4A8DF6}.Debug|Any CPU.Build.0 = Debug|Any CPU
		{A4A6708D-95D4-4FBD-B055-E757FD4A8DF6}.Release|Any CPU.ActiveCfg = Release|Any CPU
		{A4A6708D-95D4-4FBD-B055-E757FD4A8DF6}.Release|Any CPU.Build.0 = Release|Any CPU
		{7AF4AEA4-C1CB-4E40-A391-C17A1382A308}.Debug|Any CPU.ActiveCfg = Debug|Any CPU
		{7AF4AEA4-C1CB-4E40-A391-C17A1382A308}.Debug|Any CPU.Build.0 = Debug|Any CPU
		{7AF4AEA4-C1CB-4E40-A391-C17A1382A308}.Release|Any CPU.ActiveCfg = Release|Any CPU
		{7AF4AEA4-C1CB-4E40-A391-C17A1382A308}.Release|Any CPU.Build.0 = Release|Any CPU
		{D84369D5-1DA6-4F5D-8474-31CEA45FA485}.Debug|Any CPU.ActiveCfg = Debug|Any CPU
		{D84369D5-1DA6-4F5D-8474-31CEA45FA485}.Debug|Any CPU.Build.0 = Debug|Any CPU
		{D84369D5-1DA6-4F5D-8474-31CEA45FA485}.Release|Any CPU.ActiveCfg = Release|Any CPU
		{D84369D5-1DA6-4F5D-8474-31CEA45FA485}.Release|Any CPU.Build.0 = Release|Any CPU
		{0B2652F3-884F-4A20-837A-CF1DA105EE93}.Debug|Any CPU.ActiveCfg = Debug|Any CPU
		{0B2652F3-884F-4A20-837A-CF1DA105EE93}.Debug|Any CPU.Build.0 = Debug|Any CPU
		{0B2652F3-884F-4A20-837A-CF1DA105EE93}.Release|Any CPU.ActiveCfg = Release|Any CPU
		{0B2652F3-884F-4A20-837A-CF1DA105EE93}.Release|Any CPU.Build.0 = Release|Any CPU
		{E64E66C9-9D55-484E-B15A-53288F2A939A}.Debug|Any CPU.ActiveCfg = Debug|Any CPU
		{E64E66C9-9D55-484E-B15A-53288F2A939A}.Debug|Any CPU.Build.0 = Debug|Any CPU
		{E64E66C9-9D55-484E-B15A-53288F2A939A}.Release|Any CPU.ActiveCfg = Release|Any CPU
		{E64E66C9-9D55-484E-B15A-53288F2A939A}.Release|Any CPU.Build.0 = Release|Any CPU
		{22B38FC0-573E-458C-89BF-6B2997867FD2}.Debug|Any CPU.ActiveCfg = Debug|Any CPU
		{22B38FC0-573E-458C-89BF-6B2997867FD2}.Debug|Any CPU.Build.0 = Debug|Any CPU
		{22B38FC0-573E-458C-89BF-6B2997867FD2}.Release|Any CPU.ActiveCfg = Release|Any CPU
		{22B38FC0-573E-458C-89BF-6B2997867FD2}.Release|Any CPU.Build.0 = Release|Any CPU
		{48438A74-1C50-457C-A0C5-F49F5D70DD9E}.Debug|Any CPU.ActiveCfg = Debug|Any CPU
		{48438A74-1C50-457C-A0C5-F49F5D70DD9E}.Debug|Any CPU.Build.0 = Debug|Any CPU
		{48438A74-1C50-457C-A0C5-F49F5D70DD9E}.Release|Any CPU.ActiveCfg = Release|Any CPU
		{48438A74-1C50-457C-A0C5-F49F5D70DD9E}.Release|Any CPU.Build.0 = Release|Any CPU
		{81A0522A-D918-4632-9B05-C8ECF479EE8A}.Debug|Any CPU.ActiveCfg = Debug|Any CPU
		{81A0522A-D918-4632-9B05-C8ECF479EE8A}.Debug|Any CPU.Build.0 = Debug|Any CPU
		{81A0522A-D918-4632-9B05-C8ECF479EE8A}.Release|Any CPU.ActiveCfg = Release|Any CPU
		{81A0522A-D918-4632-9B05-C8ECF479EE8A}.Release|Any CPU.Build.0 = Release|Any CPU
		{B282DB0B-28FD-4CCB-925B-50500C6B1730}.Debug|Any CPU.ActiveCfg = Debug|Any CPU
		{B282DB0B-28FD-4CCB-925B-50500C6B1730}.Debug|Any CPU.Build.0 = Debug|Any CPU
		{B282DB0B-28FD-4CCB-925B-50500C6B1730}.Release|Any CPU.ActiveCfg = Release|Any CPU
		{B282DB0B-28FD-4CCB-925B-50500C6B1730}.Release|Any CPU.Build.0 = Release|Any CPU
		{810751D3-5968-4A2D-82AB-880AE9433840}.Debug|Any CPU.ActiveCfg = Debug|Any CPU
		{810751D3-5968-4A2D-82AB-880AE9433840}.Debug|Any CPU.Build.0 = Debug|Any CPU
		{810751D3-5968-4A2D-82AB-880AE9433840}.Release|Any CPU.ActiveCfg = Release|Any CPU
		{810751D3-5968-4A2D-82AB-880AE9433840}.Release|Any CPU.Build.0 = Release|Any CPU
		{2DA49F73-925D-4E27-8F1A-E596E4272BF7}.Debug|Any CPU.ActiveCfg = Debug|Any CPU
		{2DA49F73-925D-4E27-8F1A-E596E4272BF7}.Debug|Any CPU.Build.0 = Debug|Any CPU
		{2DA49F73-925D-4E27-8F1A-E596E4272BF7}.Release|Any CPU.ActiveCfg = Release|Any CPU
		{2DA49F73-925D-4E27-8F1A-E596E4272BF7}.Release|Any CPU.Build.0 = Release|Any CPU
		{B6C008C3-E7C3-46CC-9D9F-70DD5987CE43}.Debug|Any CPU.ActiveCfg = Debug|Any CPU
		{B6C008C3-E7C3-46CC-9D9F-70DD5987CE43}.Debug|Any CPU.Build.0 = Debug|Any CPU
		{B6C008C3-E7C3-46CC-9D9F-70DD5987CE43}.Release|Any CPU.ActiveCfg = Release|Any CPU
		{B6C008C3-E7C3-46CC-9D9F-70DD5987CE43}.Release|Any CPU.Build.0 = Release|Any CPU
		{8A9B15F2-43DD-49A7-99E7-E2F3F7D6231F}.Debug|Any CPU.ActiveCfg = Debug|Any CPU
		{8A9B15F2-43DD-49A7-99E7-E2F3F7D6231F}.Debug|Any CPU.Build.0 = Debug|Any CPU
		{8A9B15F2-43DD-49A7-99E7-E2F3F7D6231F}.Release|Any CPU.ActiveCfg = Release|Any CPU
		{8A9B15F2-43DD-49A7-99E7-E2F3F7D6231F}.Release|Any CPU.Build.0 = Release|Any CPU
		{2D9ACFDC-011B-4F1E-B589-C737F31938A7}.Debug|Any CPU.ActiveCfg = Debug|Any CPU
		{2D9ACFDC-011B-4F1E-B589-C737F31938A7}.Debug|Any CPU.Build.0 = Debug|Any CPU
		{2D9ACFDC-011B-4F1E-B589-C737F31938A7}.Release|Any CPU.ActiveCfg = Release|Any CPU
		{2D9ACFDC-011B-4F1E-B589-C737F31938A7}.Release|Any CPU.Build.0 = Release|Any CPU
		{C195207C-3A79-4545-8B9C-A8AAB988F0A8}.Debug|Any CPU.ActiveCfg = Debug|Any CPU
		{C195207C-3A79-4545-8B9C-A8AAB988F0A8}.Debug|Any CPU.Build.0 = Debug|Any CPU
		{C195207C-3A79-4545-8B9C-A8AAB988F0A8}.Release|Any CPU.ActiveCfg = Release|Any CPU
		{C195207C-3A79-4545-8B9C-A8AAB988F0A8}.Release|Any CPU.Build.0 = Release|Any CPU
		{37B91976-DAF4-48A6-BB4E-944E1F73816A}.Debug|Any CPU.ActiveCfg = Debug|Any CPU
		{37B91976-DAF4-48A6-BB4E-944E1F73816A}.Debug|Any CPU.Build.0 = Debug|Any CPU
		{37B91976-DAF4-48A6-BB4E-944E1F73816A}.Release|Any CPU.ActiveCfg = Release|Any CPU
		{37B91976-DAF4-48A6-BB4E-944E1F73816A}.Release|Any CPU.Build.0 = Release|Any CPU
		{837B2594-BBD3-4322-B43F-52A821A2B94D}.Debug|Any CPU.ActiveCfg = Debug|Any CPU
		{837B2594-BBD3-4322-B43F-52A821A2B94D}.Debug|Any CPU.Build.0 = Debug|Any CPU
		{837B2594-BBD3-4322-B43F-52A821A2B94D}.Release|Any CPU.ActiveCfg = Release|Any CPU
		{837B2594-BBD3-4322-B43F-52A821A2B94D}.Release|Any CPU.Build.0 = Release|Any CPU
		{979A360F-CE3F-4469-99FF-90F31C1ACDA6}.Debug|Any CPU.ActiveCfg = Debug|Any CPU
		{979A360F-CE3F-4469-99FF-90F31C1ACDA6}.Debug|Any CPU.Build.0 = Debug|Any CPU
		{979A360F-CE3F-4469-99FF-90F31C1ACDA6}.Release|Any CPU.ActiveCfg = Release|Any CPU
		{979A360F-CE3F-4469-99FF-90F31C1ACDA6}.Release|Any CPU.Build.0 = Release|Any CPU
		{579153C4-0B68-4D41-B38C-B19A6A127330}.Debug|Any CPU.ActiveCfg = Debug|Any CPU
		{579153C4-0B68-4D41-B38C-B19A6A127330}.Debug|Any CPU.Build.0 = Debug|Any CPU
		{579153C4-0B68-4D41-B38C-B19A6A127330}.Release|Any CPU.ActiveCfg = Release|Any CPU
		{579153C4-0B68-4D41-B38C-B19A6A127330}.Release|Any CPU.Build.0 = Release|Any CPU
		{0B80CC41-5089-4461-BB96-C7E6F1B8B4A8}.Debug|Any CPU.ActiveCfg = Debug|Any CPU
		{0B80CC41-5089-4461-BB96-C7E6F1B8B4A8}.Debug|Any CPU.Build.0 = Debug|Any CPU
		{0B80CC41-5089-4461-BB96-C7E6F1B8B4A8}.Release|Any CPU.ActiveCfg = Release|Any CPU
		{0B80CC41-5089-4461-BB96-C7E6F1B8B4A8}.Release|Any CPU.Build.0 = Release|Any CPU
		{8641904F-1996-4C60-AFB7-93B3AEA9422C}.Debug|Any CPU.ActiveCfg = Debug|Any CPU
		{8641904F-1996-4C60-AFB7-93B3AEA9422C}.Debug|Any CPU.Build.0 = Debug|Any CPU
		{8641904F-1996-4C60-AFB7-93B3AEA9422C}.Release|Any CPU.ActiveCfg = Release|Any CPU
		{8641904F-1996-4C60-AFB7-93B3AEA9422C}.Release|Any CPU.Build.0 = Release|Any CPU
		{49574D1E-3BBA-45CB-A0D6-DF2959FB8EDA}.Debug|Any CPU.ActiveCfg = Debug|Any CPU
		{49574D1E-3BBA-45CB-A0D6-DF2959FB8EDA}.Debug|Any CPU.Build.0 = Debug|Any CPU
		{49574D1E-3BBA-45CB-A0D6-DF2959FB8EDA}.Release|Any CPU.ActiveCfg = Release|Any CPU
		{49574D1E-3BBA-45CB-A0D6-DF2959FB8EDA}.Release|Any CPU.Build.0 = Release|Any CPU
		{49CB46D3-38CD-4AA2-892C-CC506CCCEF7A}.Debug|Any CPU.ActiveCfg = Debug|Any CPU
		{49CB46D3-38CD-4AA2-892C-CC506CCCEF7A}.Debug|Any CPU.Build.0 = Debug|Any CPU
		{49CB46D3-38CD-4AA2-892C-CC506CCCEF7A}.Release|Any CPU.ActiveCfg = Release|Any CPU
		{49CB46D3-38CD-4AA2-892C-CC506CCCEF7A}.Release|Any CPU.Build.0 = Release|Any CPU
		{6F6CB8EA-51CD-490A-8E8F-4B4470810401}.Debug|Any CPU.ActiveCfg = Debug|Any CPU
		{6F6CB8EA-51CD-490A-8E8F-4B4470810401}.Debug|Any CPU.Build.0 = Debug|Any CPU
		{6F6CB8EA-51CD-490A-8E8F-4B4470810401}.Release|Any CPU.ActiveCfg = Release|Any CPU
		{6F6CB8EA-51CD-490A-8E8F-4B4470810401}.Release|Any CPU.Build.0 = Release|Any CPU
		{2C7A8143-78EF-43CF-A305-0F4DC1CDF7F3}.Debug|Any CPU.ActiveCfg = Debug|Any CPU
		{2C7A8143-78EF-43CF-A305-0F4DC1CDF7F3}.Debug|Any CPU.Build.0 = Debug|Any CPU
		{2C7A8143-78EF-43CF-A305-0F4DC1CDF7F3}.Release|Any CPU.ActiveCfg = Release|Any CPU
		{2C7A8143-78EF-43CF-A305-0F4DC1CDF7F3}.Release|Any CPU.Build.0 = Release|Any CPU
		{478359A4-60AA-4A21-820E-8B99728232A2}.Debug|Any CPU.ActiveCfg = Debug|Any CPU
		{478359A4-60AA-4A21-820E-8B99728232A2}.Debug|Any CPU.Build.0 = Debug|Any CPU
		{478359A4-60AA-4A21-820E-8B99728232A2}.Release|Any CPU.ActiveCfg = Release|Any CPU
		{478359A4-60AA-4A21-820E-8B99728232A2}.Release|Any CPU.Build.0 = Release|Any CPU
		{B63129C9-3539-4696-88FD-41E212723CFC}.Debug|Any CPU.ActiveCfg = Debug|Any CPU
		{B63129C9-3539-4696-88FD-41E212723CFC}.Debug|Any CPU.Build.0 = Debug|Any CPU
		{B63129C9-3539-4696-88FD-41E212723CFC}.Release|Any CPU.ActiveCfg = Release|Any CPU
		{B63129C9-3539-4696-88FD-41E212723CFC}.Release|Any CPU.Build.0 = Release|Any CPU
		{8843C23A-8B85-41B9-B4A2-3E4638BB205C}.Debug|Any CPU.ActiveCfg = Debug|Any CPU
		{8843C23A-8B85-41B9-B4A2-3E4638BB205C}.Debug|Any CPU.Build.0 = Debug|Any CPU
		{8843C23A-8B85-41B9-B4A2-3E4638BB205C}.Release|Any CPU.ActiveCfg = Release|Any CPU
		{8843C23A-8B85-41B9-B4A2-3E4638BB205C}.Release|Any CPU.Build.0 = Release|Any CPU
		{01651E00-2068-4C43-BC95-53F8238F2BDD}.Debug|Any CPU.ActiveCfg = Debug|Any CPU
		{01651E00-2068-4C43-BC95-53F8238F2BDD}.Debug|Any CPU.Build.0 = Debug|Any CPU
		{01651E00-2068-4C43-BC95-53F8238F2BDD}.Release|Any CPU.ActiveCfg = Release|Any CPU
		{01651E00-2068-4C43-BC95-53F8238F2BDD}.Release|Any CPU.Build.0 = Release|Any CPU
		{875538DC-49DE-473C-9D25-A0897FFA5F25}.Debug|Any CPU.ActiveCfg = Debug|Any CPU
		{875538DC-49DE-473C-9D25-A0897FFA5F25}.Debug|Any CPU.Build.0 = Debug|Any CPU
		{875538DC-49DE-473C-9D25-A0897FFA5F25}.Release|Any CPU.ActiveCfg = Release|Any CPU
		{875538DC-49DE-473C-9D25-A0897FFA5F25}.Release|Any CPU.Build.0 = Release|Any CPU
		{AF50F2A1-864B-4A54-B72A-A80EC47DE25F}.Debug|Any CPU.ActiveCfg = Debug|Any CPU
		{AF50F2A1-864B-4A54-B72A-A80EC47DE25F}.Debug|Any CPU.Build.0 = Debug|Any CPU
		{AF50F2A1-864B-4A54-B72A-A80EC47DE25F}.Release|Any CPU.ActiveCfg = Release|Any CPU
		{AF50F2A1-864B-4A54-B72A-A80EC47DE25F}.Release|Any CPU.Build.0 = Release|Any CPU
		{2B72B7C5-5AE6-4B1F-9A5A-1925505B6938}.Debug|Any CPU.ActiveCfg = Debug|Any CPU
		{2B72B7C5-5AE6-4B1F-9A5A-1925505B6938}.Debug|Any CPU.Build.0 = Debug|Any CPU
		{2B72B7C5-5AE6-4B1F-9A5A-1925505B6938}.Release|Any CPU.ActiveCfg = Release|Any CPU
		{2B72B7C5-5AE6-4B1F-9A5A-1925505B6938}.Release|Any CPU.Build.0 = Release|Any CPU
		{95E154F3-4A21-4D6D-A9C5-76C37F3AA642}.Debug|Any CPU.ActiveCfg = Debug|Any CPU
		{95E154F3-4A21-4D6D-A9C5-76C37F3AA642}.Debug|Any CPU.Build.0 = Debug|Any CPU
		{95E154F3-4A21-4D6D-A9C5-76C37F3AA642}.Release|Any CPU.ActiveCfg = Release|Any CPU
		{95E154F3-4A21-4D6D-A9C5-76C37F3AA642}.Release|Any CPU.Build.0 = Release|Any CPU
		{29E0D5D3-4FA4-4A3D-ACCC-96B755C7270D}.Debug|Any CPU.ActiveCfg = Debug|Any CPU
		{29E0D5D3-4FA4-4A3D-ACCC-96B755C7270D}.Debug|Any CPU.Build.0 = Debug|Any CPU
		{29E0D5D3-4FA4-4A3D-ACCC-96B755C7270D}.Release|Any CPU.ActiveCfg = Release|Any CPU
		{29E0D5D3-4FA4-4A3D-ACCC-96B755C7270D}.Release|Any CPU.Build.0 = Release|Any CPU
		{840A8042-DA50-4E8F-9E09-251E0A7AFE6E}.Debug|Any CPU.ActiveCfg = Debug|Any CPU
		{840A8042-DA50-4E8F-9E09-251E0A7AFE6E}.Debug|Any CPU.Build.0 = Debug|Any CPU
		{840A8042-DA50-4E8F-9E09-251E0A7AFE6E}.Release|Any CPU.ActiveCfg = Release|Any CPU
		{840A8042-DA50-4E8F-9E09-251E0A7AFE6E}.Release|Any CPU.Build.0 = Release|Any CPU
	EndGlobalSection
	GlobalSection(SolutionProperties) = preSolution
		HideSolutionNode = FALSE
	EndGlobalSection
EndGlobal
