
Microsoft Visual Studio Solution File, Format Version 12.00
# Visual Studio Version 17
VisualStudioVersion = 17.12.35527.113
MinimumVisualStudioVersion = 10.0.40219.1
Project("{FAE04EC0-301F-11D3-BF4B-00C04F79EFBC}") = "FibonacciSequence", "FibonacciSequence\FibonacciSequence.csproj", "{709177E5-2758-4725-BF79-853E9995BAC5}"
EndProject
Project("{FAE04EC0-301F-11D3-BF4B-00C04F79EFBC}") = "SubarrayDivision", "SubarrayDivision\SubarrayDivision.csproj", "{5475F185-84A6-4A70-AAF6-39E01742A899}"
EndProject
Project("{FAE04EC0-301F-11D3-BF4B-00C04F79EFBC}") = "BetweenTwoSets", "BetweenTwoSets\BetweenTwoSets.csproj", "{D0EB5A0F-D855-487C-B347-E4F43C59655F}"
EndProject
Project("{FAE04EC0-301F-11D3-BF4B-00C04F79EFBC}") = "GradesTracker", "GradesTracker\GradesTracker.csproj", "{EFEC106E-0675-41ED-A766-B621D4257800}"
EndProject
Project("{FAE04EC0-301F-11D3-BF4B-00C04F79EFBC}") = "DivisibleSumPairs", "DivisibleSumPairs\DivisibleSumPairs.csproj", "{627A7F2A-2C84-41A4-896B-B1A9932B5BA2}"
EndProject
Project("{FAE04EC0-301F-11D3-BF4B-00C04F79EFBC}") = "BookCollection", "BookCollection\BookCollection.csproj", "{C5D28A21-E955-4F28-BCC1-4CD11C3962A7}"
EndProject
Project("{FAE04EC0-301F-11D3-BF4B-00C04F79EFBC}") = "BonAppetit", "BonAppetit\BonAppetit.csproj", "{178D07DF-696B-4D0B-882B-3FCF5CCECF97}"
EndProject
Project("{FAE04EC0-301F-11D3-BF4B-00C04F79EFBC}") = "UtopianTree", "UtopianTree\UtopianTree.csproj", "{535DD093-80CD-47CB-9856-C998F1F0D469}"
EndProject
Project("{FAE04EC0-301F-11D3-BF4B-00C04F79EFBC}") = "MinimumDistances", "MinimumDistances\MinimumDistances.csproj", "{1741D62A-A31B-47F9-8FF5-D10561586D92}"
EndProject
Project("{FAE04EC0-301F-11D3-BF4B-00C04F79EFBC}") = "HurdleRace", "HurdleRace\HurdleRace.csproj", "{EF096716-CA2A-4B43-960D-4F3C4E720B33}"
EndProject
Project("{FAE04EC0-301F-11D3-BF4B-00C04F79EFBC}") = "CatchTheMouse", "CatchTheMouse\CatchTheMouse.csproj", "{87390673-6EF3-4562-A37E-44B0AD291277}"
EndProject
Project("{FAE04EC0-301F-11D3-BF4B-00C04F79EFBC}") = "FindDigits", "FindDigits\FindDigits.csproj", "{A88B9E81-BB89-4ED5-B4E4-65C0D7A3CA5A}"
EndProject
Project("{FAE04EC0-301F-11D3-BF4B-00C04F79EFBC}") = "ExtraLongFactorials", "ExtraLongFactorials\ExtraLongFactorials.csproj", "{8C6851B8-4188-40A2-A3BF-FC1CD4375456}"
EndProject
Project("{FAE04EC0-301F-11D3-BF4B-00C04F79EFBC}") = "BreakingTheRecords", "BreakingTheRecords\BreakingTheRecords.csproj", "{CC4E5385-4048-4144-91D3-36984FD2ABC5}"
EndProject
Project("{FAE04EC0-301F-11D3-BF4B-00C04F79EFBC}") = "SalesByMatch", "SalesByMatch\SalesByMatch.csproj", "{C134EF6E-66D2-44F6-87D2-3A19AB707DC5}"
EndProject
Project("{FAE04EC0-301F-11D3-BF4B-00C04F79EFBC}") = "MigratoryBirds", "MigratoryBirds\MigratoryBirds.csproj", "{DA1FB3E5-C6F2-44B1-9240-F65F73955D76}"
EndProject
Project("{FAE04EC0-301F-11D3-BF4B-00C04F79EFBC}") = "ElectronicsShop", "ElectronicsShop\ElectronicsShop.csproj", "{47398958-5A69-4BE1-AAFB-34B4812983D9}"
EndProject
Project("{FAE04EC0-301F-11D3-BF4B-00C04F79EFBC}") = "CountingValleys", "CountingValleys\CountingValleys.csproj", "{152FE0DE-9CDA-4CC5-B4AD-58C83B00E050}"
EndProject
Project("{FAE04EC0-301F-11D3-BF4B-00C04F79EFBC}") = "DrawingBook", "DrawingBook\DrawingBook.csproj", "{68359019-A95B-408B-81C8-FA5EB49A7F02}"
EndProject
Project("{FAE04EC0-301F-11D3-BF4B-00C04F79EFBC}") = "BeautifulDays", "BeautifulDays\BeautifulDays.csproj", "{3B0ADCAB-8A15-4608-BCE3-C9DC1E31B880}"
EndProject
Project("{FAE04EC0-301F-11D3-BF4B-00C04F79EFBC}") = "ViralAdvertising", "ViralAdvertising\ViralAdvertising.csproj", "{ECF36E95-9AC6-48CC-B182-A8AF9F119738}"
EndProject
Project("{FAE04EC0-301F-11D3-BF4B-00C04F79EFBC}") = "SaveThePrisoner", "SaveThePrisoner\SaveThePrisoner.csproj", "{3A1CF4CC-33B4-4965-8F69-CBF65DE81007}"
EndProject
Global
	GlobalSection(SolutionConfigurationPlatforms) = preSolution
		Debug|Any CPU = Debug|Any CPU
		Release|Any CPU = Release|Any CPU
	EndGlobalSection
	GlobalSection(ProjectConfigurationPlatforms) = postSolution
		{709177E5-2758-4725-BF79-853E9995BAC5}.Debug|Any CPU.ActiveCfg = Debug|Any CPU
		{709177E5-2758-4725-BF79-853E9995BAC5}.Debug|Any CPU.Build.0 = Debug|Any CPU
		{709177E5-2758-4725-BF79-853E9995BAC5}.Release|Any CPU.ActiveCfg = Release|Any CPU
		{709177E5-2758-4725-BF79-853E9995BAC5}.Release|Any CPU.Build.0 = Release|Any CPU
		{5475F185-84A6-4A70-AAF6-39E01742A899}.Debug|Any CPU.ActiveCfg = Debug|Any CPU
		{5475F185-84A6-4A70-AAF6-39E01742A899}.Debug|Any CPU.Build.0 = Debug|Any CPU
		{5475F185-84A6-4A70-AAF6-39E01742A899}.Release|Any CPU.ActiveCfg = Release|Any CPU
		{5475F185-84A6-4A70-AAF6-39E01742A899}.Release|Any CPU.Build.0 = Release|Any CPU
		{D0EB5A0F-D855-487C-B347-E4F43C59655F}.Debug|Any CPU.ActiveCfg = Debug|Any CPU
		{D0EB5A0F-D855-487C-B347-E4F43C59655F}.Debug|Any CPU.Build.0 = Debug|Any CPU
		{D0EB5A0F-D855-487C-B347-E4F43C59655F}.Release|Any CPU.ActiveCfg = Release|Any CPU
		{D0EB5A0F-D855-487C-B347-E4F43C59655F}.Release|Any CPU.Build.0 = Release|Any CPU
		{EFEC106E-0675-41ED-A766-B621D4257800}.Debug|Any CPU.ActiveCfg = Debug|Any CPU
		{EFEC106E-0675-41ED-A766-B621D4257800}.Debug|Any CPU.Build.0 = Debug|Any CPU
		{EFEC106E-0675-41ED-A766-B621D4257800}.Release|Any CPU.ActiveCfg = Release|Any CPU
		{EFEC106E-0675-41ED-A766-B621D4257800}.Release|Any CPU.Build.0 = Release|Any CPU
		{627A7F2A-2C84-41A4-896B-B1A9932B5BA2}.Debug|Any CPU.ActiveCfg = Debug|Any CPU
		{627A7F2A-2C84-41A4-896B-B1A9932B5BA2}.Debug|Any CPU.Build.0 = Debug|Any CPU
		{627A7F2A-2C84-41A4-896B-B1A9932B5BA2}.Release|Any CPU.ActiveCfg = Release|Any CPU
		{627A7F2A-2C84-41A4-896B-B1A9932B5BA2}.Release|Any CPU.Build.0 = Release|Any CPU
		{C5D28A21-E955-4F28-BCC1-4CD11C3962A7}.Debug|Any CPU.ActiveCfg = Debug|Any CPU
		{C5D28A21-E955-4F28-BCC1-4CD11C3962A7}.Debug|Any CPU.Build.0 = Debug|Any CPU
		{C5D28A21-E955-4F28-BCC1-4CD11C3962A7}.Release|Any CPU.ActiveCfg = Release|Any CPU
		{C5D28A21-E955-4F28-BCC1-4CD11C3962A7}.Release|Any CPU.Build.0 = Release|Any CPU
		{178D07DF-696B-4D0B-882B-3FCF5CCECF97}.Debug|Any CPU.ActiveCfg = Debug|Any CPU
		{178D07DF-696B-4D0B-882B-3FCF5CCECF97}.Debug|Any CPU.Build.0 = Debug|Any CPU
		{178D07DF-696B-4D0B-882B-3FCF5CCECF97}.Release|Any CPU.ActiveCfg = Release|Any CPU
		{178D07DF-696B-4D0B-882B-3FCF5CCECF97}.Release|Any CPU.Build.0 = Release|Any CPU
		{535DD093-80CD-47CB-9856-C998F1F0D469}.Debug|Any CPU.ActiveCfg = Debug|Any CPU
		{535DD093-80CD-47CB-9856-C998F1F0D469}.Debug|Any CPU.Build.0 = Debug|Any CPU
		{535DD093-80CD-47CB-9856-C998F1F0D469}.Release|Any CPU.ActiveCfg = Release|Any CPU
		{535DD093-80CD-47CB-9856-C998F1F0D469}.Release|Any CPU.Build.0 = Release|Any CPU
		{1741D62A-A31B-47F9-8FF5-D10561586D92}.Debug|Any CPU.ActiveCfg = Debug|Any CPU
		{1741D62A-A31B-47F9-8FF5-D10561586D92}.Debug|Any CPU.Build.0 = Debug|Any CPU
		{1741D62A-A31B-47F9-8FF5-D10561586D92}.Release|Any CPU.ActiveCfg = Release|Any CPU
		{1741D62A-A31B-47F9-8FF5-D10561586D92}.Release|Any CPU.Build.0 = Release|Any CPU
		{EF096716-CA2A-4B43-960D-4F3C4E720B33}.Debug|Any CPU.ActiveCfg = Debug|Any CPU
		{EF096716-CA2A-4B43-960D-4F3C4E720B33}.Debug|Any CPU.Build.0 = Debug|Any CPU
		{EF096716-CA2A-4B43-960D-4F3C4E720B33}.Release|Any CPU.ActiveCfg = Release|Any CPU
		{EF096716-CA2A-4B43-960D-4F3C4E720B33}.Release|Any CPU.Build.0 = Release|Any CPU
		{87390673-6EF3-4562-A37E-44B0AD291277}.Debug|Any CPU.ActiveCfg = Debug|Any CPU
		{87390673-6EF3-4562-A37E-44B0AD291277}.Debug|Any CPU.Build.0 = Debug|Any CPU
		{87390673-6EF3-4562-A37E-44B0AD291277}.Release|Any CPU.ActiveCfg = Release|Any CPU
		{87390673-6EF3-4562-A37E-44B0AD291277}.Release|Any CPU.Build.0 = Release|Any CPU
		{A88B9E81-BB89-4ED5-B4E4-65C0D7A3CA5A}.Debug|Any CPU.ActiveCfg = Debug|Any CPU
		{A88B9E81-BB89-4ED5-B4E4-65C0D7A3CA5A}.Debug|Any CPU.Build.0 = Debug|Any CPU
		{A88B9E81-BB89-4ED5-B4E4-65C0D7A3CA5A}.Release|Any CPU.ActiveCfg = Release|Any CPU
		{A88B9E81-BB89-4ED5-B4E4-65C0D7A3CA5A}.Release|Any CPU.Build.0 = Release|Any CPU
		{8C6851B8-4188-40A2-A3BF-FC1CD4375456}.Debug|Any CPU.ActiveCfg = Debug|Any CPU
		{8C6851B8-4188-40A2-A3BF-FC1CD4375456}.Debug|Any CPU.Build.0 = Debug|Any CPU
		{8C6851B8-4188-40A2-A3BF-FC1CD4375456}.Release|Any CPU.ActiveCfg = Release|Any CPU
		{8C6851B8-4188-40A2-A3BF-FC1CD4375456}.Release|Any CPU.Build.0 = Release|Any CPU
		{CC4E5385-4048-4144-91D3-36984FD2ABC5}.Debug|Any CPU.ActiveCfg = Debug|Any CPU
		{CC4E5385-4048-4144-91D3-36984FD2ABC5}.Debug|Any CPU.Build.0 = Debug|Any CPU
		{CC4E5385-4048-4144-91D3-36984FD2ABC5}.Release|Any CPU.ActiveCfg = Release|Any CPU
		{CC4E5385-4048-4144-91D3-36984FD2ABC5}.Release|Any CPU.Build.0 = Release|Any CPU
		{C134EF6E-66D2-44F6-87D2-3A19AB707DC5}.Debug|Any CPU.ActiveCfg = Debug|Any CPU
		{C134EF6E-66D2-44F6-87D2-3A19AB707DC5}.Debug|Any CPU.Build.0 = Debug|Any CPU
		{C134EF6E-66D2-44F6-87D2-3A19AB707DC5}.Release|Any CPU.ActiveCfg = Release|Any CPU
		{C134EF6E-66D2-44F6-87D2-3A19AB707DC5}.Release|Any CPU.Build.0 = Release|Any CPU
		{DA1FB3E5-C6F2-44B1-9240-F65F73955D76}.Debug|Any CPU.ActiveCfg = Debug|Any CPU
		{DA1FB3E5-C6F2-44B1-9240-F65F73955D76}.Debug|Any CPU.Build.0 = Debug|Any CPU
		{DA1FB3E5-C6F2-44B1-9240-F65F73955D76}.Release|Any CPU.ActiveCfg = Release|Any CPU
		{DA1FB3E5-C6F2-44B1-9240-F65F73955D76}.Release|Any CPU.Build.0 = Release|Any CPU
		{47398958-5A69-4BE1-AAFB-34B4812983D9}.Debug|Any CPU.ActiveCfg = Debug|Any CPU
		{47398958-5A69-4BE1-AAFB-34B4812983D9}.Debug|Any CPU.Build.0 = Debug|Any CPU
		{47398958-5A69-4BE1-AAFB-34B4812983D9}.Release|Any CPU.ActiveCfg = Release|Any CPU
		{47398958-5A69-4BE1-AAFB-34B4812983D9}.Release|Any CPU.Build.0 = Release|Any CPU
		{152FE0DE-9CDA-4CC5-B4AD-58C83B00E050}.Debug|Any CPU.ActiveCfg = Debug|Any CPU
		{152FE0DE-9CDA-4CC5-B4AD-58C83B00E050}.Debug|Any CPU.Build.0 = Debug|Any CPU
		{152FE0DE-9CDA-4CC5-B4AD-58C83B00E050}.Release|Any CPU.ActiveCfg = Release|Any CPU
		{152FE0DE-9CDA-4CC5-B4AD-58C83B00E050}.Release|Any CPU.Build.0 = Release|Any CPU
		{68359019-A95B-408B-81C8-FA5EB49A7F02}.Debug|Any CPU.ActiveCfg = Debug|Any CPU
		{68359019-A95B-408B-81C8-FA5EB49A7F02}.Debug|Any CPU.Build.0 = Debug|Any CPU
		{68359019-A95B-408B-81C8-FA5EB49A7F02}.Release|Any CPU.ActiveCfg = Release|Any CPU
		{68359019-A95B-408B-81C8-FA5EB49A7F02}.Release|Any CPU.Build.0 = Release|Any CPU
		{3B0ADCAB-8A15-4608-BCE3-C9DC1E31B880}.Debug|Any CPU.ActiveCfg = Debug|Any CPU
		{3B0ADCAB-8A15-4608-BCE3-C9DC1E31B880}.Debug|Any CPU.Build.0 = Debug|Any CPU
		{3B0ADCAB-8A15-4608-BCE3-C9DC1E31B880}.Release|Any CPU.ActiveCfg = Release|Any CPU
		{3B0ADCAB-8A15-4608-BCE3-C9DC1E31B880}.Release|Any CPU.Build.0 = Release|Any CPU
		{ECF36E95-9AC6-48CC-B182-A8AF9F119738}.Debug|Any CPU.ActiveCfg = Debug|Any CPU
		{ECF36E95-9AC6-48CC-B182-A8AF9F119738}.Debug|Any CPU.Build.0 = Debug|Any CPU
		{ECF36E95-9AC6-48CC-B182-A8AF9F119738}.Release|Any CPU.ActiveCfg = Release|Any CPU
		{ECF36E95-9AC6-48CC-B182-A8AF9F119738}.Release|Any CPU.Build.0 = Release|Any CPU
		{3A1CF4CC-33B4-4965-8F69-CBF65DE81007}.Debug|Any CPU.ActiveCfg = Debug|Any CPU
		{3A1CF4CC-33B4-4965-8F69-CBF65DE81007}.Debug|Any CPU.Build.0 = Debug|Any CPU
		{3A1CF4CC-33B4-4965-8F69-CBF65DE81007}.Release|Any CPU.ActiveCfg = Release|Any CPU
		{3A1CF4CC-33B4-4965-8F69-CBF65DE81007}.Release|Any CPU.Build.0 = Release|Any CPU
	EndGlobalSection
	GlobalSection(SolutionProperties) = preSolution
		HideSolutionNode = FALSE
	EndGlobalSection
EndGlobal
